
Microsoft Visual Studio Solution File, Format Version 12.00
# Visual Studio Version 17
VisualStudioVersion = 17.10.35013.160
MinimumVisualStudioVersion = 10.0.40219.1
Project("{9A19103F-16F7-4668-BE54-9A1E7A4F7556}") = "UBA6Library", "UBA6Library\UBA6Library.csproj", "{7D27F0A8-83F6-4B2F-B2AA-87C074BE70EE}"
EndProject
Project("{9A19103F-16F7-4668-BE54-9A1E7A4F7556}") = "Server", "Server\Server.csproj", "{81579DCE-2EAA-46DA-8EA0-0C8E2D096593}"
	ProjectSection(ProjectDependencies) = postProject
		{7D27F0A8-83F6-4B2F-B2AA-87C074BE70EE} = {7D27F0A8-83F6-4B2F-B2AA-87C074BE70EE}
	EndProjectSection
EndProject
Project("{9A19103F-16F7-4668-BE54-9A1E7A4F7556}") = "UBA6_Controller_App", "UBA6_Controller_App\UBA6_Controller_App.csproj", "{34DFD1F1-29BB-44CA-A8E0-E615DADD8392}"
EndProject
Project("{9A19103F-16F7-4668-BE54-9A1E7A4F7556}") = "Unit_Tester", "Unit_Tester\Unit_Tester.csproj", "{6A61FA57-109F-463A-A4DF-78CAC682B5F3}"
EndProject
Project("{9A19103F-16F7-4668-BE54-9A1E7A4F7556}") = "BK_PRECISION9104Libary", "BK_PRECISION9104Libary\BK_PRECISION9104Libary.csproj", "{3345C1EE-3089-401B-8441-E14DBCFE844D}"
EndProject
Project("{9A19103F-16F7-4668-BE54-9A1E7A4F7556}") = "AmicellUtil", "AmicellUtil\AmicellUtil.csproj", "{E272E3E5-5751-4CE4-9B1A-74AE51FA4055}"
EndProject
Project("{9A19103F-16F7-4668-BE54-9A1E7A4F7556}") = "KeithleyDMM6500Library", "KeithleyDMM6500Library\KeithleyDMM6500Library.csproj", "{C2A0EAAA-04B7-417E-B75E-C834BD952F1C}"
EndProject
Project("{9A19103F-16F7-4668-BE54-9A1E7A4F7556}") = "KORAD_KEL103Library", "KORAD_KEL103Library\KORAD_KEL103Library.csproj", "{068846D4-B1F5-46E9-A094-F7618A5E7680}"
EndProject
Project("{9A19103F-16F7-4668-BE54-9A1E7A4F7556}") = "Calibration", "Calibration\Calibration.csproj", "{87718139-0A6A-4A2C-A450-C599AED6C9C8}"
EndProject
Project("{9A19103F-16F7-4668-BE54-9A1E7A4F7556}") = "UBAService", "UBAService\UBAService.csproj", "{AE95A986-30A8-4673-8225-162B4BD6577A}"
EndProject
Global
	GlobalSection(SolutionConfigurationPlatforms) = preSolution
		Debug|Any CPU = Debug|Any CPU
		Debug|ARM64 = Debug|ARM64
		Debug|x64 = Debug|x64
		Debug|x86 = Debug|x86
		Release|Any CPU = Release|Any CPU
		Release|ARM64 = Release|ARM64
		Release|x64 = Release|x64
		Release|x86 = Release|x86
	EndGlobalSection
	GlobalSection(ProjectConfigurationPlatforms) = postSolution
		{7D27F0A8-83F6-4B2F-B2AA-87C074BE70EE}.Debug|Any CPU.ActiveCfg = Debug|Any CPU
		{7D27F0A8-83F6-4B2F-B2AA-87C074BE70EE}.Debug|Any CPU.Build.0 = Debug|Any CPU
		{7D27F0A8-83F6-4B2F-B2AA-87C074BE70EE}.Debug|ARM64.ActiveCfg = Debug|Any CPU
		{7D27F0A8-83F6-4B2F-B2AA-87C074BE70EE}.Debug|ARM64.Build.0 = Debug|Any CPU
		{7D27F0A8-83F6-4B2F-B2AA-87C074BE70EE}.Debug|x64.ActiveCfg = Debug|Any CPU
		{7D27F0A8-83F6-4B2F-B2AA-87C074BE70EE}.Debug|x64.Build.0 = Debug|Any CPU
		{7D27F0A8-83F6-4B2F-B2AA-87C074BE70EE}.Debug|x86.ActiveCfg = Debug|Any CPU
		{7D27F0A8-83F6-4B2F-B2AA-87C074BE70EE}.Debug|x86.Build.0 = Debug|Any CPU
		{7D27F0A8-83F6-4B2F-B2AA-87C074BE70EE}.Release|Any CPU.ActiveCfg = Release|Any CPU
		{7D27F0A8-83F6-4B2F-B2AA-87C074BE70EE}.Release|Any CPU.Build.0 = Release|Any CPU
		{7D27F0A8-83F6-4B2F-B2AA-87C074BE70EE}.Release|ARM64.ActiveCfg = Release|Any CPU
		{7D27F0A8-83F6-4B2F-B2AA-87C074BE70EE}.Release|ARM64.Build.0 = Release|Any CPU
		{7D27F0A8-83F6-4B2F-B2AA-87C074BE70EE}.Release|x64.ActiveCfg = Release|Any CPU
		{7D27F0A8-83F6-4B2F-B2AA-87C074BE70EE}.Release|x64.Build.0 = Release|Any CPU
		{7D27F0A8-83F6-4B2F-B2AA-87C074BE70EE}.Release|x86.ActiveCfg = Release|Any CPU
		{7D27F0A8-83F6-4B2F-B2AA-87C074BE70EE}.Release|x86.Build.0 = Release|Any CPU
		{81579DCE-2EAA-46DA-8EA0-0C8E2D096593}.Debug|Any CPU.ActiveCfg = Debug|Any CPU
		{81579DCE-2EAA-46DA-8EA0-0C8E2D096593}.Debug|Any CPU.Build.0 = Debug|Any CPU
		{81579DCE-2EAA-46DA-8EA0-0C8E2D096593}.Debug|ARM64.ActiveCfg = Debug|Any CPU
		{81579DCE-2EAA-46DA-8EA0-0C8E2D096593}.Debug|ARM64.Build.0 = Debug|Any CPU
		{81579DCE-2EAA-46DA-8EA0-0C8E2D096593}.Debug|x64.ActiveCfg = Debug|Any CPU
		{81579DCE-2EAA-46DA-8EA0-0C8E2D096593}.Debug|x64.Build.0 = Debug|Any CPU
		{81579DCE-2EAA-46DA-8EA0-0C8E2D096593}.Debug|x86.ActiveCfg = Debug|Any CPU
		{81579DCE-2EAA-46DA-8EA0-0C8E2D096593}.Debug|x86.Build.0 = Debug|Any CPU
		{81579DCE-2EAA-46DA-8EA0-0C8E2D096593}.Release|Any CPU.ActiveCfg = Release|Any CPU
		{81579DCE-2EAA-46DA-8EA0-0C8E2D096593}.Release|Any CPU.Build.0 = Release|Any CPU
		{81579DCE-2EAA-46DA-8EA0-0C8E2D096593}.Release|ARM64.ActiveCfg = Release|Any CPU
		{81579DCE-2EAA-46DA-8EA0-0C8E2D096593}.Release|ARM64.Build.0 = Release|Any CPU
		{81579DCE-2EAA-46DA-8EA0-0C8E2D096593}.Release|x64.ActiveCfg = Release|Any CPU
		{81579DCE-2EAA-46DA-8EA0-0C8E2D096593}.Release|x64.Build.0 = Release|Any CPU
		{81579DCE-2EAA-46DA-8EA0-0C8E2D096593}.Release|x86.ActiveCfg = Release|Any CPU
		{81579DCE-2EAA-46DA-8EA0-0C8E2D096593}.Release|x86.Build.0 = Release|Any CPU
		{34DFD1F1-29BB-44CA-A8E0-E615DADD8392}.Debug|Any CPU.ActiveCfg = Debug|Any CPU
		{34DFD1F1-29BB-44CA-A8E0-E615DADD8392}.Debug|Any CPU.Build.0 = Debug|Any CPU
		{34DFD1F1-29BB-44CA-A8E0-E615DADD8392}.Debug|ARM64.ActiveCfg = Debug|Any CPU
		{34DFD1F1-29BB-44CA-A8E0-E615DADD8392}.Debug|ARM64.Build.0 = Debug|Any CPU
		{34DFD1F1-29BB-44CA-A8E0-E615DADD8392}.Debug|x64.ActiveCfg = Debug|Any CPU
		{34DFD1F1-29BB-44CA-A8E0-E615DADD8392}.Debug|x64.Build.0 = Debug|Any CPU
		{34DFD1F1-29BB-44CA-A8E0-E615DADD8392}.Debug|x86.ActiveCfg = Debug|Any CPU
		{34DFD1F1-29BB-44CA-A8E0-E615DADD8392}.Debug|x86.Build.0 = Debug|Any CPU
		{34DFD1F1-29BB-44CA-A8E0-E615DADD8392}.Release|Any CPU.ActiveCfg = Release|Any CPU
		{34DFD1F1-29BB-44CA-A8E0-E615DADD8392}.Release|Any CPU.Build.0 = Release|Any CPU
		{34DFD1F1-29BB-44CA-A8E0-E615DADD8392}.Release|ARM64.ActiveCfg = Release|Any CPU
		{34DFD1F1-29BB-44CA-A8E0-E615DADD8392}.Release|ARM64.Build.0 = Release|Any CPU
		{34DFD1F1-29BB-44CA-A8E0-E615DADD8392}.Release|x64.ActiveCfg = Release|Any CPU
		{34DFD1F1-29BB-44CA-A8E0-E615DADD8392}.Release|x64.Build.0 = Release|Any CPU
		{34DFD1F1-29BB-44CA-A8E0-E615DADD8392}.Release|x86.ActiveCfg = Release|Any CPU
		{34DFD1F1-29BB-44CA-A8E0-E615DADD8392}.Release|x86.Build.0 = Release|Any CPU
		{6A61FA57-109F-463A-A4DF-78CAC682B5F3}.Debug|Any CPU.ActiveCfg = Debug|Any CPU
		{6A61FA57-109F-463A-A4DF-78CAC682B5F3}.Debug|Any CPU.Build.0 = Debug|Any CPU
		{6A61FA57-109F-463A-A4DF-78CAC682B5F3}.Debug|ARM64.ActiveCfg = Debug|Any CPU
		{6A61FA57-109F-463A-A4DF-78CAC682B5F3}.Debug|ARM64.Build.0 = Debug|Any CPU
		{6A61FA57-109F-463A-A4DF-78CAC682B5F3}.Debug|x64.ActiveCfg = Debug|Any CPU
		{6A61FA57-109F-463A-A4DF-78CAC682B5F3}.Debug|x64.Build.0 = Debug|Any CPU
		{6A61FA57-109F-463A-A4DF-78CAC682B5F3}.Debug|x86.ActiveCfg = Debug|Any CPU
		{6A61FA57-109F-463A-A4DF-78CAC682B5F3}.Debug|x86.Build.0 = Debug|Any CPU
		{6A61FA57-109F-463A-A4DF-78CAC682B5F3}.Release|Any CPU.ActiveCfg = Release|Any CPU
		{6A61FA57-109F-463A-A4DF-78CAC682B5F3}.Release|Any CPU.Build.0 = Release|Any CPU
		{6A61FA57-109F-463A-A4DF-78CAC682B5F3}.Release|ARM64.ActiveCfg = Release|Any CPU
		{6A61FA57-109F-463A-A4DF-78CAC682B5F3}.Release|ARM64.Build.0 = Release|Any CPU
		{6A61FA57-109F-463A-A4DF-78CAC682B5F3}.Release|x64.ActiveCfg = Release|Any CPU
		{6A61FA57-109F-463A-A4DF-78CAC682B5F3}.Release|x64.Build.0 = Release|Any CPU
		{6A61FA57-109F-463A-A4DF-78CAC682B5F3}.Release|x86.ActiveCfg = Release|Any CPU
		{6A61FA57-109F-463A-A4DF-78CAC682B5F3}.Release|x86.Build.0 = Release|Any CPU
		{3345C1EE-3089-401B-8441-E14DBCFE844D}.Debug|Any CPU.ActiveCfg = Debug|Any CPU
		{3345C1EE-3089-401B-8441-E14DBCFE844D}.Debug|Any CPU.Build.0 = Debug|Any CPU
		{3345C1EE-3089-401B-8441-E14DBCFE844D}.Debug|ARM64.ActiveCfg = Debug|Any CPU
		{3345C1EE-3089-401B-8441-E14DBCFE844D}.Debug|ARM64.Build.0 = Debug|Any CPU
		{3345C1EE-3089-401B-8441-E14DBCFE844D}.Debug|x64.ActiveCfg = Debug|Any CPU
		{3345C1EE-3089-401B-8441-E14DBCFE844D}.Debug|x64.Build.0 = Debug|Any CPU
		{3345C1EE-3089-401B-8441-E14DBCFE844D}.Debug|x86.ActiveCfg = Debug|Any CPU
		{3345C1EE-3089-401B-8441-E14DBCFE844D}.Debug|x86.Build.0 = Debug|Any CPU
		{3345C1EE-3089-401B-8441-E14DBCFE844D}.Release|Any CPU.ActiveCfg = Release|Any CPU
		{3345C1EE-3089-401B-8441-E14DBCFE844D}.Release|Any CPU.Build.0 = Release|Any CPU
		{3345C1EE-3089-401B-8441-E14DBCFE844D}.Release|ARM64.ActiveCfg = Release|Any CPU
		{3345C1EE-3089-401B-8441-E14DBCFE844D}.Release|ARM64.Build.0 = Release|Any CPU
		{3345C1EE-3089-401B-8441-E14DBCFE844D}.Release|x64.ActiveCfg = Release|Any CPU
		{3345C1EE-3089-401B-8441-E14DBCFE844D}.Release|x64.Build.0 = Release|Any CPU
		{3345C1EE-3089-401B-8441-E14DBCFE844D}.Release|x86.ActiveCfg = Release|Any CPU
		{3345C1EE-3089-401B-8441-E14DBCFE844D}.Release|x86.Build.0 = Release|Any CPU
		{E272E3E5-5751-4CE4-9B1A-74AE51FA4055}.Debug|Any CPU.ActiveCfg = Debug|Any CPU
		{E272E3E5-5751-4CE4-9B1A-74AE51FA4055}.Debug|Any CPU.Build.0 = Debug|Any CPU
		{E272E3E5-5751-4CE4-9B1A-74AE51FA4055}.Debug|ARM64.ActiveCfg = Debug|Any CPU
		{E272E3E5-5751-4CE4-9B1A-74AE51FA4055}.Debug|ARM64.Build.0 = Debug|Any CPU
		{E272E3E5-5751-4CE4-9B1A-74AE51FA4055}.Debug|x64.ActiveCfg = Debug|Any CPU
		{E272E3E5-5751-4CE4-9B1A-74AE51FA4055}.Debug|x64.Build.0 = Debug|Any CPU
		{E272E3E5-5751-4CE4-9B1A-74AE51FA4055}.Debug|x86.ActiveCfg = Debug|Any CPU
		{E272E3E5-5751-4CE4-9B1A-74AE51FA4055}.Debug|x86.Build.0 = Debug|Any CPU
		{E272E3E5-5751-4CE4-9B1A-74AE51FA4055}.Release|Any CPU.ActiveCfg = Release|Any CPU
		{E272E3E5-5751-4CE4-9B1A-74AE51FA4055}.Release|Any CPU.Build.0 = Release|Any CPU
		{E272E3E5-5751-4CE4-9B1A-74AE51FA4055}.Release|ARM64.ActiveCfg = Release|Any CPU
		{E272E3E5-5751-4CE4-9B1A-74AE51FA4055}.Release|ARM64.Build.0 = Release|Any CPU
		{E272E3E5-5751-4CE4-9B1A-74AE51FA4055}.Release|x64.ActiveCfg = Release|Any CPU
		{E272E3E5-5751-4CE4-9B1A-74AE51FA4055}.Release|x64.Build.0 = Release|Any CPU
		{E272E3E5-5751-4CE4-9B1A-74AE51FA4055}.Release|x86.ActiveCfg = Release|Any CPU
		{E272E3E5-5751-4CE4-9B1A-74AE51FA4055}.Release|x86.Build.0 = Release|Any CPU
		{C2A0EAAA-04B7-417E-B75E-C834BD952F1C}.Debug|Any CPU.ActiveCfg = Debug|Any CPU
		{C2A0EAAA-04B7-417E-B75E-C834BD952F1C}.Debug|Any CPU.Build.0 = Debug|Any CPU
		{C2A0EAAA-04B7-417E-B75E-C834BD952F1C}.Debug|ARM64.ActiveCfg = Debug|Any CPU
		{C2A0EAAA-04B7-417E-B75E-C834BD952F1C}.Debug|ARM64.Build.0 = Debug|Any CPU
		{C2A0EAAA-04B7-417E-B75E-C834BD952F1C}.Debug|x64.ActiveCfg = Debug|Any CPU
		{C2A0EAAA-04B7-417E-B75E-C834BD952F1C}.Debug|x64.Build.0 = Debug|Any CPU
		{C2A0EAAA-04B7-417E-B75E-C834BD952F1C}.Debug|x86.ActiveCfg = Debug|Any CPU
		{C2A0EAAA-04B7-417E-B75E-C834BD952F1C}.Debug|x86.Build.0 = Debug|Any CPU
		{C2A0EAAA-04B7-417E-B75E-C834BD952F1C}.Release|Any CPU.ActiveCfg = Release|Any CPU
		{C2A0EAAA-04B7-417E-B75E-C834BD952F1C}.Release|Any CPU.Build.0 = Release|Any CPU
		{C2A0EAAA-04B7-417E-B75E-C834BD952F1C}.Release|ARM64.ActiveCfg = Release|Any CPU
		{C2A0EAAA-04B7-417E-B75E-C834BD952F1C}.Release|ARM64.Build.0 = Release|Any CPU
		{C2A0EAAA-04B7-417E-B75E-C834BD952F1C}.Release|x64.ActiveCfg = Release|Any CPU
		{C2A0EAAA-04B7-417E-B75E-C834BD952F1C}.Release|x64.Build.0 = Release|Any CPU
		{C2A0EAAA-04B7-417E-B75E-C834BD952F1C}.Release|x86.ActiveCfg = Release|Any CPU
		{C2A0EAAA-04B7-417E-B75E-C834BD952F1C}.Release|x86.Build.0 = Release|Any CPU
		{068846D4-B1F5-46E9-A094-F7618A5E7680}.Debug|Any CPU.ActiveCfg = Debug|Any CPU
		{068846D4-B1F5-46E9-A094-F7618A5E7680}.Debug|Any CPU.Build.0 = Debug|Any CPU
		{068846D4-B1F5-46E9-A094-F7618A5E7680}.Debug|ARM64.ActiveCfg = Debug|Any CPU
		{068846D4-B1F5-46E9-A094-F7618A5E7680}.Debug|ARM64.Build.0 = Debug|Any CPU
		{068846D4-B1F5-46E9-A094-F7618A5E7680}.Debug|x64.ActiveCfg = Debug|Any CPU
		{068846D4-B1F5-46E9-A094-F7618A5E7680}.Debug|x64.Build.0 = Debug|Any CPU
		{068846D4-B1F5-46E9-A094-F7618A5E7680}.Debug|x86.ActiveCfg = Debug|Any CPU
		{068846D4-B1F5-46E9-A094-F7618A5E7680}.Debug|x86.Build.0 = Debug|Any CPU
		{068846D4-B1F5-46E9-A094-F7618A5E7680}.Release|Any CPU.ActiveCfg = Release|Any CPU
		{068846D4-B1F5-46E9-A094-F7618A5E7680}.Release|Any CPU.Build.0 = Release|Any CPU
		{068846D4-B1F5-46E9-A094-F7618A5E7680}.Release|ARM64.ActiveCfg = Release|Any CPU
		{068846D4-B1F5-46E9-A094-F7618A5E7680}.Release|ARM64.Build.0 = Release|Any CPU
		{068846D4-B1F5-46E9-A094-F7618A5E7680}.Release|x64.ActiveCfg = Release|Any CPU
		{068846D4-B1F5-46E9-A094-F7618A5E7680}.Release|x64.Build.0 = Release|Any CPU
		{068846D4-B1F5-46E9-A094-F7618A5E7680}.Release|x86.ActiveCfg = Release|Any CPU
		{068846D4-B1F5-46E9-A094-F7618A5E7680}.Release|x86.Build.0 = Release|Any CPU
		{87718139-0A6A-4A2C-A450-C599AED6C9C8}.Debug|Any CPU.ActiveCfg = Debug|Any CPU
		{87718139-0A6A-4A2C-A450-C599AED6C9C8}.Debug|Any CPU.Build.0 = Debug|Any CPU
		{87718139-0A6A-4A2C-A450-C599AED6C9C8}.Debug|ARM64.ActiveCfg = Debug|Any CPU
		{87718139-0A6A-4A2C-A450-C599AED6C9C8}.Debug|ARM64.Build.0 = Debug|Any CPU
		{87718139-0A6A-4A2C-A450-C599AED6C9C8}.Debug|x64.ActiveCfg = Debug|Any CPU
		{87718139-0A6A-4A2C-A450-C599AED6C9C8}.Debug|x64.Build.0 = Debug|Any CPU
		{87718139-0A6A-4A2C-A450-C599AED6C9C8}.Debug|x86.ActiveCfg = Debug|Any CPU
		{87718139-0A6A-4A2C-A450-C599AED6C9C8}.Debug|x86.Build.0 = Debug|Any CPU
		{87718139-0A6A-4A2C-A450-C599AED6C9C8}.Release|Any CPU.ActiveCfg = Release|Any CPU
		{87718139-0A6A-4A2C-A450-C599AED6C9C8}.Release|Any CPU.Build.0 = Release|Any CPU
		{87718139-0A6A-4A2C-A450-C599AED6C9C8}.Release|ARM64.ActiveCfg = Release|Any CPU
		{87718139-0A6A-4A2C-A450-C599AED6C9C8}.Release|ARM64.Build.0 = Release|Any CPU
		{87718139-0A6A-4A2C-A450-C599AED6C9C8}.Release|x64.ActiveCfg = Release|Any CPU
		{87718139-0A6A-4A2C-A450-C599AED6C9C8}.Release|x64.Build.0 = Release|Any CPU
		{87718139-0A6A-4A2C-A450-C599AED6C9C8}.Release|x86.ActiveCfg = Release|Any CPU
		{87718139-0A6A-4A2C-A450-C599AED6C9C8}.Release|x86.Build.0 = Release|Any CPU
		{AE95A986-30A8-4673-8225-162B4BD6577A}.Debug|Any CPU.ActiveCfg = Debug|Any CPU
		{AE95A986-30A8-4673-8225-162B4BD6577A}.Debug|Any CPU.Build.0 = Debug|Any CPU
		{AE95A986-30A8-4673-8225-162B4BD6577A}.Debug|ARM64.ActiveCfg = Debug|Any CPU
		{AE95A986-30A8-4673-8225-162B4BD6577A}.Debug|ARM64.Build.0 = Debug|Any CPU
		{AE95A986-30A8-4673-8225-162B4BD6577A}.Debug|x64.ActiveCfg = Debug|Any CPU
		{AE95A986-30A8-4673-8225-162B4BD6577A}.Debug|x64.Build.0 = Debug|Any CPU
		{AE95A986-30A8-4673-8225-162B4BD6577A}.Debug|x86.ActiveCfg = Debug|Any CPU
		{AE95A986-30A8-4673-8225-162B4BD6577A}.Debug|x86.Build.0 = Debug|Any CPU
		{AE95A986-30A8-4673-8225-162B4BD6577A}.Release|Any CPU.ActiveCfg = Release|Any CPU
		{AE95A986-30A8-4673-8225-162B4BD6577A}.Release|Any CPU.Build.0 = Release|Any CPU
		{AE95A986-30A8-4673-8225-162B4BD6577A}.Release|ARM64.ActiveCfg = Release|Any CPU
		{AE95A986-30A8-4673-8225-162B4BD6577A}.Release|ARM64.Build.0 = Release|Any CPU
		{AE95A986-30A8-4673-8225-162B4BD6577A}.Release|x64.ActiveCfg = Release|Any CPU
		{AE95A986-30A8-4673-8225-162B4BD6577A}.Release|x64.Build.0 = Release|Any CPU
		{AE95A986-30A8-4673-8225-162B4BD6577A}.Release|x86.ActiveCfg = Release|Any CPU
		{AE95A986-30A8-4673-8225-162B4BD6577A}.Release|x86.Build.0 = Release|Any CPU
	EndGlobalSection
	GlobalSection(SolutionProperties) = preSolution
		HideSolutionNode = FALSE
	EndGlobalSection
	GlobalSection(ExtensibilityGlobals) = postSolution
		SolutionGuid = {C8103C21-F549-4CB2-9CA8-8E1D2162A78E}
	EndGlobalSection
EndGlobal
